<Solution>
  <Folder Name="/solution items/">
    <File Path="Directory.Build.props" />
    <File Path="Directory.Packages.props" />
    <File Path="docker-compose.yml" />
    <File Path="global.json" />
    <File Path="README.md" />
  </Folder>
  <Project Path="src/MatchService/MatchService.csproj" />
</Solution>
